// !$*UTF8*$!
{
	archiveVersion = 1;
	classes = {
	};
	objectVersion = 46;
	objects = {

/* Begin PBXBuildFile section */
		866B58601E160A4100892AFA /* AppDelegate.swift in Sources */ = {isa = PBXBuildFile; fileRef = 866B585F1E160A4100892AFA /* AppDelegate.swift */; };
		866B58621E160A4100892AFA /* ViewController.swift in Sources */ = {isa = PBXBuildFile; fileRef = 866B58611E160A4100892AFA /* ViewController.swift */; };
		866B58651E160A4100892AFA /* Main.storyboard in Resources */ = {isa = PBXBuildFile; fileRef = 866B58631E160A4100892AFA /* Main.storyboard */; };
		866B58671E160A4100892AFA /* Assets.xcassets in Resources */ = {isa = PBXBuildFile; fileRef = 866B58661E160A4100892AFA /* Assets.xcassets */; };
		866B586A1E160A4100892AFA /* LaunchScreen.storyboard in Resources */ = {isa = PBXBuildFile; fileRef = 866B58681E160A4100892AFA /* LaunchScreen.storyboard */; };
		866B58721E161E3800892AFA /* FactProvider.swift in Sources */ = {isa = PBXBuildFile; fileRef = 866B58711E161E3800892AFA /* FactProvider.swift */; };
/* End PBXBuildFile section */

/* Begin PBXFileReference section */
		866B585C1E160A4100892AFA /* Fun Facts.app */ = {isa = PBXFileReference; explicitFileType = wrapper.application; includeInIndex = 0; path = "Fun Facts.app"; sourceTree = BUILT_PRODUCTS_DIR; };
		866B585F1E160A4100892AFA /* AppDelegate.swift */ = {isa = PBXFileReference; lastKnownFileType = sourcecode.swift; path = AppDelegate.swift; sourceTree = "<group>"; };
		866B58611E160A4100892AFA /* ViewController.swift */ = {isa = PBXFileReference; lastKnownFileType = sourcecode.swift; path = ViewController.swift; sourceTree = "<group>"; };
		866B58641E160A4100892AFA /* Base */ = {isa = PBXFileReference; lastKnownFileType = file.storyboard; name = Base; path = Base.lproj/Main.storyboard; sourceTree = "<group>"; };
		866B58661E160A4100892AFA /* Assets.xcassets */ = {isa = PBXFileReference; lastKnownFileType = folder.assetcatalog; path = Assets.xcassets; sourceTree = "<group>"; };
		866B58691E160A4100892AFA /* Base */ = {isa = PBXFileReference; lastKnownFileType = file.storyboard; name = Base; path = Base.lproj/LaunchScreen.storyboard; sourceTree = "<group>"; };
		866B586B1E160A4100892AFA /* Info.plist */ = {isa = PBXFileReference; lastKnownFileType = text.plist.xml; path = Info.plist; sourceTree = "<group>"; };
		866B58711E161E3800892AFA /* FactProvider.swift */ = {isa = PBXFileReference; fileEncoding = 4; lastKnownFileType = sourcecode.swift; path = FactProvider.swift; sourceTree = "<group>"; };
/* End PBXFileReference section */

/* Begin PBXFrameworksBuildPhase section */
		866B58591E160A4100892AFA /* Frameworks */ = {
			isa = PBXFrameworksBuildPhase;
			buildActionMask = 2147483647;
			files = (
			);
			runOnlyForDeploymentPostprocessing = 0;
		};
/* End PBXFrameworksBuildPhase section */

/* Begin PBXGroup section */
		866B58531E160A4100892AFA = {
			isa = PBXGroup;
			children = (
				866B585E1E160A4100892AFA /* Fun Facts */,
				866B585D1E160A4100892AFA /* Products */,
			);
			sourceTree = "<group>";
		};
		866B585D1E160A4100892AFA /* Products */ = {
			isa = PBXGroup;
			children = (
				866B585C1E160A4100892AFA /* Fun Facts.app */,
			);
			name = Products;
			sourceTree = "<group>";
		};
		866B585E1E160A4100892AFA /* Fun Facts */ = {
			isa = PBXGroup;
			children = (
				866B58711E161E3800892AFA /* FactProvider.swift */,
				866B585F1E160A4100892AFA /* AppDelegate.swift */,
				866B58611E160A4100892AFA /* ViewController.swift */,
				866B58631E160A4100892AFA /* Main.storyboard */,
				866B58661E160A4100892AFA /* Assets.xcassets */,
				866B58681E160A4100892AFA /* LaunchScreen.storyboard */,
				866B586B1E160A4100892AFA /* Info.plist */,
			);
			path = "Fun Facts";
			sourceTree = "<group>";
		};
/* End PBXGroup section */

/* Begin PBXNativeTarget section */
		866B585B1E160A4100892AFA /* Fun Facts */ = {
			isa = PBXNativeTarget;
			buildConfigurationList = 866B586E1E160A4100892AFA /* Build configuration list for PBXNativeTarget "Fun Facts" */;
			buildPhases = (
				866B58581E160A4100892AFA /* Sources */,
				866B58591E160A4100892AFA /* Frameworks */,
				866B585A1E160A4100892AFA /* Resources */,
			);
			buildRules = (
			);
			dependencies = (
			);
			name = "Fun Facts";
			productName = "Fun Facts";
			productReference = 866B585C1E160A4100892AFA /* Fun Facts.app */;
			productType = "com.apple.product-type.application";
		};
/* End PBXNativeTarget section */

/* Begin PBXProject section */
		866B58541E160A4100892AFA /* Project object */ = {
			isa = PBXProject;
			attributes = {
				LastSwiftUpdateCheck = 0820;
				LastUpgradeCheck = 0820;
				ORGANIZATIONNAME = "Ali Asgar Merchant";
				TargetAttributes = {
					866B585B1E160A4100892AFA = {
						CreatedOnToolsVersion = 8.2.1;
						DevelopmentTeam = UDJZVQGEJ6;
						ProvisioningStyle = Automatic;
					};
				};
			};
			buildConfigurationList = 866B58571E160A4100892AFA /* Build configuration list for PBXProject "Fun Facts" */;
			compatibilityVersion = "Xcode 3.2";
			developmentRegion = English;
			hasScannedForEncodings = 0;
			knownRegions = (
				en,
				Base,
			);
			mainGroup = 866B58531E160A4100892AFA;
			productRefGroup = 866B585D1E160A4100892AFA /* Products */;
			projectDirPath = "";
			projectRoot = "";
			targets = (
				866B585B1E160A4100892AFA /* Fun Facts */,
			);
		};
/* End PBXProject section */

/* Begin PBXResourcesBuildPhase section */
		866B585A1E160A4100892AFA /* Resources */ = {
			isa = PBXResourcesBuildPhase;
			buildActionMask = 2147483647;
			files = (
				866B586A1E160A4100892AFA /* LaunchScreen.storyboard in Resources */,
				866B58671E160A4100892AFA /* Assets.xcassets in Resources */,
				866B58651E160A4100892AFA /* Main.storyboard in Resources */,
			);
			runOnlyForDeploymentPostprocessing = 0;
		};
/* End PBXResourcesBuildPhase section */

/* Begin PBXSourcesBuildPhase section */
		866B58581E160A4100892AFA /* Sources */ = {
			isa = PBXSourcesBuildPhase;
			buildActionMask = 2147483647;
			files = (
				866B58621E160A4100892AFA /* ViewController.swift in Sources */,
				866B58601E160A4100892AFA /* AppDelegate.swift in Sources */,
				866B58721E161E3800892AFA /* FactProvider.swift in Sources */,
			);
			runOnlyForDeploymentPostprocessing = 0;
		};
/* End PBXSourcesBuildPhase section */

/* Begin PBXVariantGroup section */
		866B58631E160A4100892AFA /* Main.storyboard */ = {
			isa = PBXVariantGroup;
			children = (
				866B58641E160A4100892AFA /* Base */,
			);
			name = Main.storyboard;
			sourceTree = "<group>";
		};
		866B58681E160A4100892AFA /* LaunchScreen.storyboard */ = {
			isa = PBXVariantGroup;
			children = (
				866B58691E160A4100892AFA /* Base */,
			);
			name = LaunchScreen.storyboard;
			sourceTree = "<group>";
		};
/* End PBXVariantGroup section */

/* Begin XCBuildConfiguration section */
		866B586C1E160A4100892AFA /* Debug */ = {
			isa = XCBuildConfiguration;
			buildSettings = {
				ALWAYS_SEARCH_USER_PATHS = NO;
				CLANG_ANALYZER_NONNULL = YES;
				CLANG_CXX_LANGUAGE_STANDARD = "gnu++0x";
				CLANG_CXX_LIBRARY = "libc++";
				CLANG_ENABLE_MODULES = YES;
				CLANG_ENABLE_OBJC_ARC = YES;
				CLANG_WARN_BOOL_CONVERSION = YES;
				CLANG_WARN_CONSTANT_CONVERSION = YES;
				CLANG_WARN_DIRECT_OBJC_ISA_USAGE = YES_ERROR;
				CLANG_WARN_DOCUMENTATION_COMMENTS = YES;
				CLANG_WARN_EMPTY_BODY = YES;
				CLANG_WARN_ENUM_CONVERSION = YES;
				CLANG_WARN_INFINITE_RECURSION = YES;
				CLANG_WARN_INT_CONVERSION = YES;
				CLANG_WARN_OBJC_ROOT_CLASS = YES_ERROR;
				CLANG_WARN_SUSPICIOUS_MOVE = YES;
				CLANG_WARN_UNREACHABLE_CODE = YES;
				CLANG_WARN__DUPLICATE_METHOD_MATCH = YES;
				"CODE_SIGN_IDENTITY[sdk=iphoneos*]" = "iPhone Developer";
				COPY_PHASE_STRIP = NO;
				DEBUG_INFORMATION_FORMAT = dwarf;
				ENABLE_STRICT_OBJC_MSGSEND = YES;
				ENABLE_TESTABILITY = YES;
				GCC_C_LANGUAGE_STANDARD = gnu99;
				GCC_DYNAMIC_NO_PIC = NO;
				GCC_NO_COMMON_BLOCKS = YES;
				GCC_OPTIMIZATION_LEVEL = 0;
				GCC_PREPROCESSOR_DEFINITIONS = (
					"DEBUG=1",
					"$(inherited)",
				);
				GCC_WARN_64_TO_32_BIT_CONVERSION = YES;
				GCC_WARN_ABOUT_RETURN_TYPE = YES_ERROR;
				GCC_WARN_UNDECLARED_SELECTOR = YES;
				GCC_WARN_UNINITIALIZED_AUTOS = YES_AGGRESSIVE;
				GCC_WARN_UNUSED_FUNCTION = YES;
				GCC_WARN_UNUSED_VARIABLE = YES;
				IPHONEOS_DEPLOYMENT_TARGET = 10.2;
				MTL_ENABLE_DEBUG_INFO = YES;
				ONLY_ACTIVE_ARCH = YES;
				SDKROOT = iphoneos;
				SWIFT_ACTIVE_COMPILATION_CONDITIONS = DEBUG;
				SWIFT_OPTIMIZATION_LEVEL = "-Onone";
			};
			name = Debug;
		};
		866B586D1E160A4100892AFA /* Release */ = {
			isa = XCBuildConfiguration;
			buildSettings = {
				ALWAYS_SEARCH_USER_PATHS = NO;
				CLANG_ANALYZER_NONNULL = YES;
				CLANG_CXX_LANGUAGE_STANDARD = "gnu++0x";
				CLANG_CXX_LIBRARY = "libc++";
				CLANG_ENABLE_MODULES = YES;
				CLANG_ENABLE_OBJC_ARC = YES;
				CLANG_WARN_BOOL_CONVERSION = YES;
				CLANG_WARN_CONSTANT_CONVERSION = YES;
				CLANG_WARN_DIRECT_OBJC_ISA_USAGE = YES_ERROR;
				CLANG_WARN_DOCUMENTATION_COMMENTS = YES;
				CLANG_WARN_EMPTY_BODY = YES;
				CLANG_WARN_ENUM_CONVERSION = YES;
				CLANG_WARN_INFINITE_RECURSION = YES;
				CLANG_WARN_INT_CONVERSION = YES;
				CLANG_WARN_OBJC_ROOT_CLASS = YES_ERROR;
				CLANG_WARN_SUSPICIOUS_MOVE = YES;
				CLANG_WARN_UNREACHABLE_CODE = YES;
				CLANG_WARN__DUPLICATE_METHOD_MATCH = YES;
				"CODE_SIGN_IDENTITY[sdk=iphoneos*]" = "iPhone Developer";
				COPY_PHASE_STRIP = NO;
				DEBUG_INFORMATION_FORMAT = "dwarf-with-dsym";
				ENABLE_NS_ASSERTIONS = NO;
				ENABLE_STRICT_OBJC_MSGSEND = YES;
				GCC_C_LANGUAGE_STANDARD = gnu99;
				GCC_NO_COMMON_BLOCKS = YES;
				GCC_WARN_64_TO_32_BIT_CONVERSION = YES;
				GCC_WARN_ABOUT_RETURN_TYPE = YES_ERROR;
				GCC_WARN_UNDECLARED_SELECTOR = YES;
				GCC_WARN_UNINITIALIZED_AUTOS = YES_AGGRESSIVE;
				GCC_WARN_UNUSED_FUNCTION = YES;
				GCC_WARN_UNUSED_VARIABLE = YES;
				IPHONEOS_DEPLOYMENT_TARGET = 10.2;
				MTL_ENABLE_DEBUG_INFO = NO;
				SDKROOT = iphoneos;
				SWIFT_OPTIMIZATION_LEVEL = "-Owholemodule";
				VALIDATE_PRODUCT = YES;
			};
			name = Release;
		};
		866B586F1E160A4100892AFA /* Debug */ = {
			isa = XCBuildConfiguration;
			buildSettings = {
				ASSETCATALOG_COMPILER_APPICON_NAME = AppIcon;
				DEVELOPMENT_TEAM = UDJZVQGEJ6;
				INFOPLIST_FILE = "Fun Facts/Info.plist";
				LD_RUNPATH_SEARCH_PATHS = "$(inherited) @executable_path/Frameworks";
				PRODUCT_BUNDLE_IDENTIFIER = "com.amsaif52.Fun-Facts";
				PRODUCT_NAME = "$(TARGET_NAME)";
				SWIFT_VERSION = 3.0;
			};
			name = Debug;
		};
		866B58701E160A4100892AFA /* Release */ = {
			isa = XCBuildConfiguration;
			buildSettings = {
				ASSETCATALOG_COMPILER_APPICON_NAME = AppIcon;
				DEVELOPMENT_TEAM = UDJZVQGEJ6;
				INFOPLIST_FILE = "Fun Facts/Info.plist";
				LD_RUNPATH_SEARCH_PATHS = "$(inherited) @executable_path/Frameworks";
				PRODUCT_BUNDLE_IDENTIFIER = "com.amsaif52.Fun-Facts";
				PRODUCT_NAME = "$(TARGET_NAME)";
				SWIFT_VERSION = 3.0;
			};
			name = Release;
		};
/* End XCBuildConfiguration section */

/* Begin XCConfigurationList section */
		866B58571E160A4100892AFA /* Build configuration list for PBXProject "Fun Facts" */ = {
			isa = XCConfigurationList;
			buildConfigurations = (
				866B586C1E160A4100892AFA /* Debug */,
				866B586D1E160A4100892AFA /* Release */,
			);
			defaultConfigurationIsVisible = 0;
			defaultConfigurationName = Release;
		};
		866B586E1E160A4100892AFA /* Build configuration list for PBXNativeTarget "Fun Facts" */ = {
			isa = XCConfigurationList;
			buildConfigurations = (
				866B586F1E160A4100892AFA /* Debug */,
				866B58701E160A4100892AFA /* Release */,
			);
			defaultConfigurationIsVisible = 0;
		};
/* End XCConfigurationList section */
	};
	rootObject = 866B58541E160A4100892AFA /* Project object */;
}
